<?xml version="1.0" encoding="utf-8"?>
<Project ToolsVersion="4.0" xmlns="http://schemas.microsoft.com/developer/msbuild/2003">
  <ItemGroup>
    <Filter Include="Source Files">
      <UniqueIdentifier>{2300f24e-5f53-4726-a668-ece47b23d065}</UniqueIdentifier>
      <Extensions>cpp;c;cxx;rc;def;r;odl;idl;hpj;bat</Extensions>
    </Filter>
    <Filter Include="Header Files">
      <UniqueIdentifier>{d1ec9707-ac2a-47eb-b96d-74729e778779}</UniqueIdentifier>
      <Extensions>h;hpp;hxx;hm;inl</Extensions>
    </Filter>
    <Filter Include="Resource Files">
      <UniqueIdentifier>{8d2620c3-91a8-4fc4-8a58-3f18ed0d72e6}</UniqueIdentifier>
      <Extensions>ico;cur;bmp;dlg;rc2;rct;bin;rgs;gif;jpg;jpeg;jpe</Extensions>
    </Filter>
  </ItemGroup>
  <ItemGroup>
    <ClCompile Include="ActionServer.cpp">
      <Filter>Source Files</Filter>
    </ClCompile>
    <ClCompile Include="ActionWord.cpp">
      <Filter>Source Files</Filter>
    </ClCompile>
    <ClCompile Include="ActionWordList.cpp">
      <Filter>Source Files</Filter>
    </ClCompile>
    <ClCompile Include="ActionWordPart.cpp">
      <Filter>Source Files</Filter>
    </ClCompile>
    <ClCompile Include="AddExpression.cpp">
      <Filter>Source Files</Filter>
    </ClCompile>
    <ClCompile Include="AndOperation.cpp">
      <Filter>Source Files</Filter>
    </ClCompile>
    <ClCompile Include="AnythingCommand.cpp">
      <Filter>Source Files</Filter>
    </ClCompile>
    <ClCompile Include="ArgumentCommand.cpp">
      <Filter>Source Files</Filter>
    </ClCompile>
    <ClCompile Include="AssignExpression.cpp">
      <Filter>Source Files</Filter>
    </ClCompile>
    <ClCompile Include="BabelFish.cpp">
      <Filter>Source Files</Filter>
    </ClCompile>
    <ClCompile Include="BasicNavigation.cpp">
      <Filter>Source Files</Filter>
    </ClCompile>
    <ClCompile Include="Cache.cpp">
      <Filter>Source Files</Filter>
    </ClCompile>
    <ClCompile Include="CacheIterator.cpp">
      <Filter>Source Files</Filter>
    </ClCompile>
    <ClCompile Include="Check.cpp">
      <Filter>Source Files</Filter>
    </ClCompile>
    <ClCompile Include="Cluster.cpp">
      <Filter>Source Files</Filter>
    </ClCompile>
    <ClCompile Include="Coengine.cpp">
      <Filter>Source Files</Filter>
    </ClCompile>
    <ClCompile Include="Command.cpp">
      <Filter>Source Files</Filter>
    </ClCompile>
    <ClCompile Include="ComponentKey.cpp">
      <Filter>Source Files</Filter>
    </ClCompile>
    <ClCompile Include="ComposedInterpreter.cpp">
      <Filter>Source Files</Filter>
    </ClCompile>
    <ClCompile Include="Condition.cpp">
      <Filter>Source Files</Filter>
    </ClCompile>
    <ClCompile Include="ConditionalOperation.cpp">
      <Filter>Source Files</Filter>
    </ClCompile>
    <ClCompile Include="Context.cpp">
      <Filter>Source Files</Filter>
    </ClCompile>
    <ClCompile Include="DateCommand.cpp">
      <Filter>Source Files</Filter>
    </ClCompile>
    <ClCompile Include="DateTime.cpp">
      <Filter>Source Files</Filter>
    </ClCompile>
    <ClCompile Include="DivExpression.cpp">
      <Filter>Source Files</Filter>
    </ClCompile>
    <ClCompile Include="Duration.cpp">
      <Filter>Source Files</Filter>
    </ClCompile>
    <ClCompile Include="EmptyCommand.cpp">
      <Filter>Source Files</Filter>
    </ClCompile>
    <ClCompile Include="EngineDebug.cpp">
      <Filter>Source Files</Filter>
    </ClCompile>
    <ClCompile Include="EngineKey.cpp">
      <Filter>Source Files</Filter>
    </ClCompile>
    <ClCompile Include="EngineSetting.cpp">
      <Filter>Source Files</Filter>
    </ClCompile>
    <ClCompile Include="EngineUtil.cpp">
      <Filter>Source Files</Filter>
    </ClCompile>
    <ClCompile Include="EqualOperation.cpp">
      <Filter>Source Files</Filter>
    </ClCompile>
    <ClCompile Include="ErrorList.cpp">
      <Filter>Source Files</Filter>
    </ClCompile>
    <ClCompile Include="ExpressionCommand.cpp">
      <Filter>Source Files</Filter>
    </ClCompile>
    <ClCompile Include="ExprResult.cpp">
      <Filter>Source Files</Filter>
    </ClCompile>
    <ClCompile Include="FileInterface.cpp">
      <Filter>Source Files</Filter>
    </ClCompile>
    <ClCompile Include="FileName.cpp">
      <Filter>Source Files</Filter>
    </ClCompile>
    <ClCompile Include="GreaterEqualOperation.cpp">
      <Filter>Source Files</Filter>
    </ClCompile>
    <ClCompile Include="GreaterOperation.cpp">
      <Filter>Source Files</Filter>
    </ClCompile>
    <ClCompile Include="GuiInterface.cpp">
      <Filter>Source Files</Filter>
    </ClCompile>
    <ClCompile Include="GUIThread.cpp">
      <Filter>Source Files</Filter>
    </ClCompile>
    <ClCompile Include="Interpreter.cpp">
      <Filter>Source Files</Filter>
    </ClCompile>
    <ClCompile Include="IOFactory.cpp">
      <Filter>Source Files</Filter>
    </ClCompile>
    <ClCompile Include="KeepCommand.cpp">
      <Filter>Source Files</Filter>
    </ClCompile>
    <ClCompile Include="Key.cpp">
      <Filter>Source Files</Filter>
    </ClCompile>
    <ClCompile Include="KeyDate.cpp">
      <Filter>Source Files</Filter>
    </ClCompile>
    <ClCompile Include="LessEqualOperation.cpp">
      <Filter>Source Files</Filter>
    </ClCompile>
    <ClCompile Include="LessOperation.cpp">
      <Filter>Source Files</Filter>
    </ClCompile>
    <ClCompile Include="Lexer.cpp">
      <Filter>Source Files</Filter>
    </ClCompile>
    <ClCompile Include="Log.cpp">
      <Filter>Source Files</Filter>
    </ClCompile>
    <ClCompile Include="LogicalCondition.cpp">
      <Filter>Source Files</Filter>
    </ClCompile>
    <ClCompile Include="LogParser.cpp">
      <Filter>Source Files</Filter>
    </ClCompile>
    <ClCompile Include="LogProcessor.cpp">
      <Filter>Source Files</Filter>
    </ClCompile>
    <ClCompile Include="LogReader.cpp">
      <Filter>Source Files</Filter>
    </ClCompile>
    <ClCompile Include="LogStructure.cpp">
      <Filter>Source Files</Filter>
    </ClCompile>
    <ClCompile Include="LogTag.cpp">
      <Filter>Source Files</Filter>
    </ClCompile>
    <ClCompile Include="MasterCommand.cpp">
      <Filter>Source Files</Filter>
    </ClCompile>
    <ClCompile Include="MasterSlavePart.cpp">
      <Filter>Source Files</Filter>
    </ClCompile>
    <ClCompile Include="MulExpression.cpp">
      <Filter>Source Files</Filter>
    </ClCompile>
    <ClCompile Include="Mutex.cpp">
      <Filter>Source Files</Filter>
    </ClCompile>
    <ClCompile Include="NavigationInterface.cpp">
      <Filter>Source Files</Filter>
    </ClCompile>
    <ClCompile Include="NotEmptyCommand.cpp">
      <Filter>Source Files</Filter>
    </ClCompile>
    <ClCompile Include="NotEqualOperation.cpp">
      <Filter>Source Files</Filter>
    </ClCompile>
    <ClCompile Include="Number.cpp">
      <Filter>Source Files</Filter>
    </ClCompile>
    <ClCompile Include="NumExpression.cpp">
      <Filter>Source Files</Filter>
    </ClCompile>
    <ClCompile Include="OrOperation.cpp">
      <Filter>Source Files</Filter>
    </ClCompile>
    <ClCompile Include="ParameterPart.cpp">
      <Filter>Source Files</Filter>
    </ClCompile>
    <ClCompile Include="Parser.cpp">
      <Filter>Source Files</Filter>
    </ClCompile>
    <ClCompile Include="RelationalCondition.cpp">
      <Filter>Source Files</Filter>
    </ClCompile>
    <ClCompile Include="Report.cpp">
      <Filter>Source Files</Filter>
    </ClCompile>
    <ClCompile Include="ReportGenerator.cpp">
      <Filter>Source Files</Filter>
    </ClCompile>
    <ClCompile Include="ReportList.cpp">
      <Filter>Source Files</Filter>
    </ClCompile>
    <ClCompile Include="ReportSummary.cpp">
      <Filter>Source Files</Filter>
    </ClCompile>
    <ClCompile Include="ReportTag.cpp">
      <Filter>Source Files</Filter>
    </ClCompile>
    <ClCompile Include="Result.cpp">
      <Filter>Source Files</Filter>
    </ClCompile>
    <ClCompile Include="Semaphore.cpp">
      <Filter>Source Files</Filter>
    </ClCompile>
    <ClCompile Include="Setting.cpp">
      <Filter>Source Files</Filter>
    </ClCompile>
    <ClCompile Include="Slave.cpp">
      <Filter>Source Files</Filter>
    </ClCompile>
    <ClCompile Include="SlaveCallBackHandler.cpp">
      <Filter>Source Files</Filter>
    </ClCompile>
    <ClCompile Include="SlaveList.cpp">
      <Filter>Source Files</Filter>
    </ClCompile>
    <ClCompile Include="SnapCommand.cpp">
      <Filter>Source Files</Filter>
    </ClCompile>
    <ClCompile Include="SpacesCommand.cpp">
      <Filter>Source Files</Filter>
    </ClCompile>
    <ClCompile Include="StrExpression.cpp">
      <Filter>Source Files</Filter>
    </ClCompile>
    <ClCompile Include="StrUtil.cpp">
      <Filter>Source Files</Filter>
    </ClCompile>
    <ClCompile Include="SubExpression.cpp">
      <Filter>Source Files</Filter>
    </ClCompile>
    <ClCompile Include="tcperror.cpp">
      <Filter>Source Files</Filter>
    </ClCompile>
    <ClCompile Include="TcpHandler.cpp">
      <Filter>Source Files</Filter>
    </ClCompile>
    <ClCompile Include="TcpInterface.cpp">
      <Filter>Source Files</Filter>
    </ClCompile>
    <ClCompile Include="TcpInterfaceCallBackHandler.cpp">
      <Filter>Source Files</Filter>
    </ClCompile>
    <ClCompile Include="TcpIpConnection.cpp">
      <Filter>Source Files</Filter>
    </ClCompile>
    <ClCompile Include="TcpIpServer.cpp">
      <Filter>Source Files</Filter>
    </ClCompile>
    <ClCompile Include="tcpsocket.cpp">
      <Filter>Source Files</Filter>
    </ClCompile>
    <ClCompile Include="Template.cpp">
      <Filter>Source Files</Filter>
    </ClCompile>
    <ClCompile Include="TemplateList.cpp">
      <Filter>Source Files</Filter>
    </ClCompile>
    <ClCompile Include="TestLine.cpp">
      <Filter>Source Files</Filter>
    </ClCompile>
    <ClCompile Include="Thread.cpp">
      <Filter>Source Files</Filter>
    </ClCompile>
    <ClCompile Include="TimeCommand.cpp">
      <Filter>Source Files</Filter>
    </ClCompile>
    <ClCompile Include="UICallBackHandler.cpp">
      <Filter>Source Files</Filter>
    </ClCompile>
    <ClCompile Include="UIHandler.cpp">
      <Filter>Source Files</Filter>
    </ClCompile>
    <ClCompile Include="VarExpression.cpp">
      <Filter>Source Files</Filter>
    </ClCompile>
    <ClCompile Include="ReferCommand.cpp">
      <Filter>Source Files</Filter>
    </ClCompile>
  </ItemGroup>
  <ItemGroup>
    <None Include="Coengine.def">
      <Filter>Source Files</Filter>
    </None>
  </ItemGroup>
  <ItemGroup>
    <ClInclude Include="ActionServer.h">
      <Filter>Header Files</Filter>
    </ClInclude>
    <ClInclude Include="ActionWord.h">
      <Filter>Header Files</Filter>
    </ClInclude>
    <ClInclude Include="ActionWordList.h">
      <Filter>Header Files</Filter>
    </ClInclude>
    <ClInclude Include="ActionWordPart.h">
      <Filter>Header Files</Filter>
    </ClInclude>
    <ClInclude Include="AddExpression.h">
      <Filter>Header Files</Filter>
    </ClInclude>
    <ClInclude Include="AndOperation.h">
      <Filter>Header Files</Filter>
    </ClInclude>
    <ClInclude Include="AnythingCommand.h">
      <Filter>Header Files</Filter>
    </ClInclude>
    <ClInclude Include="ArgumentCommand.h">
      <Filter>Header Files</Filter>
    </ClInclude>
    <ClInclude Include="AssignExpression.h">
      <Filter>Header Files</Filter>
    </ClInclude>
    <ClInclude Include="BabelFish.h">
      <Filter>Header Files</Filter>
    </ClInclude>
    <ClInclude Include="BasicNavigation.h">
      <Filter>Header Files</Filter>
    </ClInclude>
    <ClInclude Include="Cache.h">
      <Filter>Header Files</Filter>
    </ClInclude>
    <ClInclude Include="CacheIterator.h">
      <Filter>Header Files</Filter>
    </ClInclude>
    <ClInclude Include="Check.h">
      <Filter>Header Files</Filter>
    </ClInclude>
    <ClInclude Include="Cluster.h">
      <Filter>Header Files</Filter>
    </ClInclude>
    <ClInclude Include="Coengine.h">
      <Filter>Header Files</Filter>
    </ClInclude>
    <ClInclude Include="Command.h">
      <Filter>Header Files</Filter>
    </ClInclude>
    <ClInclude Include="ComponentKey.h">
      <Filter>Header Files</Filter>
    </ClInclude>
    <ClInclude Include="ComposedInterpreter.h">
      <Filter>Header Files</Filter>
    </ClInclude>
    <ClInclude Include="Condition.h">
      <Filter>Header Files</Filter>
    </ClInclude>
    <ClInclude Include="ConditionalOperation.h">
      <Filter>Header Files</Filter>
    </ClInclude>
    <ClInclude Include="Context.h">
      <Filter>Header Files</Filter>
    </ClInclude>
    <ClInclude Include="DateCommand.h">
      <Filter>Header Files</Filter>
    </ClInclude>
    <ClInclude Include="DateTime.h">
      <Filter>Header Files</Filter>
    </ClInclude>
    <ClInclude Include="DivExpression.h">
      <Filter>Header Files</Filter>
    </ClInclude>
    <ClInclude Include="Duration.h">
      <Filter>Header Files</Filter>
    </ClInclude>
    <ClInclude Include="EmptyCommand.h">
      <Filter>Header Files</Filter>
    </ClInclude>
    <ClInclude Include="EngineDebug.h">
      <Filter>Header Files</Filter>
    </ClInclude>
    <ClInclude Include="EngineKey.h">
      <Filter>Header Files</Filter>
    </ClInclude>
    <ClInclude Include="EngineSetting.h">
      <Filter>Header Files</Filter>
    </ClInclude>
    <ClInclude Include="EngineUtil.h">
      <Filter>Header Files</Filter>
    </ClInclude>
    <ClInclude Include="EqualOperation.h">
      <Filter>Header Files</Filter>
    </ClInclude>
    <ClInclude Include="ErrorList.h">
      <Filter>Header Files</Filter>
    </ClInclude>
    <ClInclude Include="Expression.h">
      <Filter>Header Files</Filter>
    </ClInclude>
    <ClInclude Include="ExpressionCommand.h">
      <Filter>Header Files</Filter>
    </ClInclude>
    <ClInclude Include="ExprResult.h">
      <Filter>Header Files</Filter>
    </ClInclude>
    <ClInclude Include="FileInterface.h">
      <Filter>Header Files</Filter>
    </ClInclude>
    <ClInclude Include="FileName.h">
      <Filter>Header Files</Filter>
    </ClInclude>
    <ClInclude Include="GreaterEqualOperation.h">
      <Filter>Header Files</Filter>
    </ClInclude>
    <ClInclude Include="GreaterOperation.h">
      <Filter>Header Files</Filter>
    </ClInclude>
    <ClInclude Include="GuiInterface.h">
      <Filter>Header Files</Filter>
    </ClInclude>
    <ClInclude Include="GUIThread.h">
      <Filter>Header Files</Filter>
    </ClInclude>
    <ClInclude Include="Interpreter.h">
      <Filter>Header Files</Filter>
    </ClInclude>
    <ClInclude Include="IOFactory.h">
      <Filter>Header Files</Filter>
    </ClInclude>
    <ClInclude Include="IOInterface.h">
      <Filter>Header Files</Filter>
    </ClInclude>
    <ClInclude Include="KeepCommand.h">
      <Filter>Header Files</Filter>
    </ClInclude>
    <ClInclude Include="Key.h">
      <Filter>Header Files</Filter>
    </ClInclude>
    <ClInclude Include="KeyDate.h">
      <Filter>Header Files</Filter>
    </ClInclude>
    <ClInclude Include="LessEqualOperation.h">
      <Filter>Header Files</Filter>
    </ClInclude>
    <ClInclude Include="LessOperation.h">
      <Filter>Header Files</Filter>
    </ClInclude>
    <ClInclude Include="Lexer.h">
      <Filter>Header Files</Filter>
    </ClInclude>
    <ClInclude Include="lock.h">
      <Filter>Header Files</Filter>
    </ClInclude>
    <ClInclude Include="Log.h">
      <Filter>Header Files</Filter>
    </ClInclude>
    <ClInclude Include="LogicalCondition.h">
      <Filter>Header Files</Filter>
    </ClInclude>
    <ClInclude Include="LogicalOperation.h">
      <Filter>Header Files</Filter>
    </ClInclude>
    <ClInclude Include="LogParser.h">
      <Filter>Header Files</Filter>
    </ClInclude>
    <ClInclude Include="LogProcessor.h">
      <Filter>Header Files</Filter>
    </ClInclude>
    <ClInclude Include="LogReader.h">
      <Filter>Header Files</Filter>
    </ClInclude>
    <ClInclude Include="LogStructure.h">
      <Filter>Header Files</Filter>
    </ClInclude>
    <ClInclude Include="LogTag.h">
      <Filter>Header Files</Filter>
    </ClInclude>
    <ClInclude Include="MasterCommand.h">
      <Filter>Header Files</Filter>
    </ClInclude>
    <ClInclude Include="MasterSlavePart.h">
      <Filter>Header Files</Filter>
    </ClInclude>
    <ClInclude Include="MulExpression.h">
      <Filter>Header Files</Filter>
    </ClInclude>
    <ClInclude Include="Mutex.h">
      <Filter>Header Files</Filter>
    </ClInclude>
    <ClInclude Include="NavigationInterface.h">
      <Filter>Header Files</Filter>
    </ClInclude>
    <ClInclude Include="NotEmptyCommand.h">
      <Filter>Header Files</Filter>
    </ClInclude>
    <ClInclude Include="NotEqualOperation.h">
      <Filter>Header Files</Filter>
    </ClInclude>
    <ClInclude Include="Number.h">
      <Filter>Header Files</Filter>
    </ClInclude>
    <ClInclude Include="NumExpression.h">
      <Filter>Header Files</Filter>
    </ClInclude>
    <ClInclude Include="OrOperation.h">
      <Filter>Header Files</Filter>
    </ClInclude>
    <ClInclude Include="ParameterPart.h">
      <Filter>Header Files</Filter>
    </ClInclude>
    <ClInclude Include="Parser.h">
      <Filter>Header Files</Filter>
    </ClInclude>
    <ClInclude Include="RelationalCondition.h">
      <Filter>Header Files</Filter>
    </ClInclude>
    <ClInclude Include="RelationalOperation.h">
      <Filter>Header Files</Filter>
    </ClInclude>
    <ClInclude Include="Report.h">
      <Filter>Header Files</Filter>
    </ClInclude>
    <ClInclude Include="ReportGenerator.h">
      <Filter>Header Files</Filter>
    </ClInclude>
    <ClInclude Include="ReportList.h">
      <Filter>Header Files</Filter>
    </ClInclude>
    <ClInclude Include="ReportSummary.h">
      <Filter>Header Files</Filter>
    </ClInclude>
    <ClInclude Include="ReportTag.h">
      <Filter>Header Files</Filter>
    </ClInclude>
    <ClInclude Include="Result.h">
      <Filter>Header Files</Filter>
    </ClInclude>
    <ClInclude Include="Rtf.h">
      <Filter>Header Files</Filter>
    </ClInclude>
    <ClInclude Include="Semaphore.h">
      <Filter>Header Files</Filter>
    </ClInclude>
    <ClInclude Include="Setting.h">
      <Filter>Header Files</Filter>
    </ClInclude>
    <ClInclude Include="Slave.h">
      <Filter>Header Files</Filter>
    </ClInclude>
    <ClInclude Include="SlaveCallBackHandler.h">
      <Filter>Header Files</Filter>
    </ClInclude>
    <ClInclude Include="SlaveList.h">
      <Filter>Header Files</Filter>
    </ClInclude>
    <ClInclude Include="SnapCommand.h">
      <Filter>Header Files</Filter>
    </ClInclude>
    <ClInclude Include="SpacesCommand.h">
      <Filter>Header Files</Filter>
    </ClInclude>
    <ClInclude Include="StrExpression.h">
      <Filter>Header Files</Filter>
    </ClInclude>
    <ClInclude Include="StrUtil.h">
      <Filter>Header Files</Filter>
    </ClInclude>
    <ClInclude Include="SubExpression.h">
      <Filter>Header Files</Filter>
    </ClInclude>
    <ClInclude Include="tcperror.h">
      <Filter>Header Files</Filter>
    </ClInclude>
    <ClInclude Include="TcpHandler.h">
      <Filter>Header Files</Filter>
    </ClInclude>
    <ClInclude Include="TcpInterface.h">
      <Filter>Header Files</Filter>
    </ClInclude>
    <ClInclude Include="TcpInterfaceCallBackHandler.h">
      <Filter>Header Files</Filter>
    </ClInclude>
    <ClInclude Include="TcpIpConnection.h">
      <Filter>Header Files</Filter>
    </ClInclude>
    <ClInclude Include="TcpIpServer.h">
      <Filter>Header Files</Filter>
    </ClInclude>
    <ClInclude Include="tcpsocket.h">
      <Filter>Header Files</Filter>
    </ClInclude>
    <ClInclude Include="tcpstream.h">
      <Filter>Header Files</Filter>
    </ClInclude>
    <ClInclude Include="Template.h">
      <Filter>Header Files</Filter>
    </ClInclude>
    <ClInclude Include="TemplateList.h">
      <Filter>Header Files</Filter>
    </ClInclude>
    <ClInclude Include="TestLine.h">
      <Filter>Header Files</Filter>
    </ClInclude>
    <ClInclude Include="Thread.h">
      <Filter>Header Files</Filter>
    </ClInclude>
    <ClInclude Include="TimeCommand.h">
      <Filter>Header Files</Filter>
    </ClInclude>
    <ClInclude Include="UICallBackHandler.h">
      <Filter>Header Files</Filter>
    </ClInclude>
    <ClInclude Include="UIHandler.h">
      <Filter>Header Files</Filter>
    </ClInclude>
    <ClInclude Include="VarExpression.h">
      <Filter>Header Files</Filter>
    </ClInclude>
    <ClInclude Include="ReferCommand.h">
      <Filter>Header Files</Filter>
    </ClInclude>
  </ItemGroup>
  <ItemGroup>
    <ResourceCompile Include="Coengine.rc">
      <Filter>Resource Files</Filter>
    </ResourceCompile>
  </ItemGroup>
</Project>