<?xml version="1.0" encoding="utf-8"?>
<Project ToolsVersion="4.0" xmlns="http://schemas.microsoft.com/developer/msbuild/2003">
  <ItemGroup>
    <Filter Include="Source Files">
      <UniqueIdentifier>{a583c8fa-0fac-4a50-9d2f-c9b653beda85}</UniqueIdentifier>
      <Extensions>cpp;c;cxx;rc;def;r;odl;idl;hpj;bat</Extensions>
    </Filter>
    <Filter Include="Header Files">
      <UniqueIdentifier>{b2879568-302f-4869-846e-db70ab309d65}</UniqueIdentifier>
      <Extensions>h;hpp;hxx;hm;inl</Extensions>
    </Filter>
    <Filter Include="Resource Files">
      <UniqueIdentifier>{cc20d58e-8bd4-4643-a2cd-3510edd36247}</UniqueIdentifier>
      <Extensions>ico;cur;bmp;dlg;rc2;rct;bin;rgs;gif;jpg;jpeg;jpe</Extensions>
    </Filter>
  </ItemGroup>
  <ItemGroup>
    <ClCompile Include="BabelFish.cpp">
      <Filter>Source Files</Filter>
    </ClCompile>
    <ClCompile Include="CDialogThread.cpp">
      <Filter>Source Files</Filter>
    </ClCompile>
    <ClCompile Include="CMessageCentre.cpp">
      <Filter>Source Files</Filter>
    </ClCompile>
    <ClCompile Include="Enggui.cpp">
      <Filter>Source Files</Filter>
    </ClCompile>
    <ClCompile Include="LocalMessageCentre.cpp">
      <Filter>Source Files</Filter>
    </ClCompile>
    <ClCompile Include="MessageCentreList.cpp">
      <Filter>Source Files</Filter>
    </ClCompile>
  </ItemGroup>
  <ItemGroup>
    <None Include="MessageCentre.ico">
      <Filter>Resource Files</Filter>
    </None>
    <None Include="TestFrame Engine.bmp">
      <Filter>Resource Files</Filter>
    </None>
    <None Include="TF logo (geel 50x50).bmp">
      <Filter>Resource Files</Filter>
    </None>
    <None Include="TF logo (geel 60x60).bmp">
      <Filter>Resource Files</Filter>
    </None>
  </ItemGroup>
  <ItemGroup>
    <ResourceCompile Include="Enggui.rc">
      <Filter>Source Files</Filter>
    </ResourceCompile>
  </ItemGroup>
  <ItemGroup>
    <ClInclude Include="BabelFish.h">
      <Filter>Header Files</Filter>
    </ClInclude>
    <ClInclude Include="CDialogThread.h">
      <Filter>Header Files</Filter>
    </ClInclude>
    <ClInclude Include="CMessageCentre.h">
      <Filter>Header Files</Filter>
    </ClInclude>
    <ClInclude Include="Dialog.h">
      <Filter>Header Files</Filter>
    </ClInclude>
    <ClInclude Include="Enggui.h">
      <Filter>Header Files</Filter>
    </ClInclude>
    <ClInclude Include="EngGuiApi.h">
      <Filter>Header Files</Filter>
    </ClInclude>
    <ClInclude Include="LocalMessageCentre.h">
      <Filter>Header Files</Filter>
    </ClInclude>
    <ClInclude Include="MessageCentre.h">
      <Filter>Header Files</Filter>
    </ClInclude>
    <ClInclude Include="MessageCentreList.h">
      <Filter>Header Files</Filter>
    </ClInclude>
    <ClInclude Include="Resource.h">
      <Filter>Header Files</Filter>
    </ClInclude>
  </ItemGroup>
  <ItemGroup>
    <CustomBuildStep Include="Enggui.def">
      <Filter>Source Files</Filter>
    </CustomBuildStep>
  </ItemGroup>
  <ItemGroup>
    <Image Include="CGI_Logo2012_color.bmp">
      <Filter>Resource Files</Filter>
    </Image>
  </ItemGroup>
</Project>